// !$*UTF8*$!
{
	archiveVersion = 1;
	classes = {
	};
	objectVersion = 55;
	objects = {

/* Begin PBXBuildFile section */
		D62AD95F2A542F1000C668D5 /* EntranceViewController.swift in Sources */ = {isa = PBXBuildFile; fileRef = D62AD95E2A542F1000C668D5 /* EntranceViewController.swift */; };
		D62AD9672A542FFB00C668D5 /* Launch Screen.storyboard in Resources */ = {isa = PBXBuildFile; fileRef = D62AD9662A542FFB00C668D5 /* Launch Screen.storyboard */; };
		D63A49592A4AE59C0067C592 /* AppDelegate.swift in Sources */ = {isa = PBXBuildFile; fileRef = D63A49582A4AE59C0067C592 /* AppDelegate.swift */; };
		D63A495B2A4AE59C0067C592 /* SceneDelegate.swift in Sources */ = {isa = PBXBuildFile; fileRef = D63A495A2A4AE59C0067C592 /* SceneDelegate.swift */; };
		D63A495D2A4AE59C0067C592 /* StartViewController.swift in Sources */ = {isa = PBXBuildFile; fileRef = D63A495C2A4AE59C0067C592 /* StartViewController.swift */; };
		D63A49622A4AE59E0067C592 /* Assets.xcassets in Resources */ = {isa = PBXBuildFile; fileRef = D63A49612A4AE59E0067C592 /* Assets.xcassets */; };
		D63A496F2A4AE6B90067C592 /* SecondViewController.swift in Sources */ = {isa = PBXBuildFile; fileRef = D63A496E2A4AE6B90067C592 /* SecondViewController.swift */; };
		D63A49722A4AE7320067C592 /* SnapKit in Frameworks */ = {isa = PBXBuildFile; productRef = D63A49712A4AE7320067C592 /* SnapKit */; };
		D63A49752A4AE7730067C592 /* NetworkService.swift in Sources */ = {isa = PBXBuildFile; fileRef = D63A49742A4AE7730067C592 /* NetworkService.swift */; };
		D63A49792A4AE7BB0067C592 /* ImgDownloader.swift in Sources */ = {isa = PBXBuildFile; fileRef = D63A49782A4AE7BB0067C592 /* ImgDownloader.swift */; };
		D63A497E2A4AE8210067C592 /* Character.swift in Sources */ = {isa = PBXBuildFile; fileRef = D63A497D2A4AE8210067C592 /* Character.swift */; };
		D63A49812A4AE86D0067C592 /* Constants.swift in Sources */ = {isa = PBXBuildFile; fileRef = D63A49802A4AE86D0067C592 /* Constants.swift */; };
		D63A49842A4AE8CF0067C592 /* String+Extension.swift in Sources */ = {isa = PBXBuildFile; fileRef = D63A49832A4AE8CF0067C592 /* String+Extension.swift */; };
		D63A49872A4AE9270067C592 /* CharacterCollectionViewCell.swift in Sources */ = {isa = PBXBuildFile; fileRef = D63A49862A4AE9260067C592 /* CharacterCollectionViewCell.swift */; };
		D63A498A2A4AEBB90067C592 /* CharactersViewModel.swift in Sources */ = {isa = PBXBuildFile; fileRef = D63A49892A4AEBB90067C592 /* CharactersViewModel.swift */; };
		D69CE34F2A55B2DE008EFD59 /* GoogleService-Info.plist in Resources */ = {isa = PBXBuildFile; fileRef = D69CE34E2A55B2DE008EFD59 /* GoogleService-Info.plist */; };
		D69FB0182A5D4E8B00428984 /* AddProductViewController.swift in Sources */ = {isa = PBXBuildFile; fileRef = D69FB0172A5D4E8B00428984 /* AddProductViewController.swift */; };
		D69FB01A2A5D57FC00428984 /* FireStoreManager.swift in Sources */ = {isa = PBXBuildFile; fileRef = D69FB0192A5D57FC00428984 /* FireStoreManager.swift */; };
		D6A325ED2A5FE3720056EFA9 /* KeyChainStorage.swift in Sources */ = {isa = PBXBuildFile; fileRef = D6A325EC2A5FE3720056EFA9 /* KeyChainStorage.swift */; };
		D6A325F02A5FE40D0056EFA9 /* UserDefaultStorage.swift in Sources */ = {isa = PBXBuildFile; fileRef = D6A325EF2A5FE40D0056EFA9 /* UserDefaultStorage.swift */; };
		D6A325F32A5FE4640056EFA9 /* NetworkMonitor.swift in Sources */ = {isa = PBXBuildFile; fileRef = D6A325F22A5FE4640056EFA9 /* NetworkMonitor.swift */; };
		D6A325FB2A5FE7480056EFA9 /* BaseAuthService.swift in Sources */ = {isa = PBXBuildFile; fileRef = D6A325FA2A5FE7480056EFA9 /* BaseAuthService.swift */; };
		D6A325FE2A5FE8F60056EFA9 /* SplashViewController.swift in Sources */ = {isa = PBXBuildFile; fileRef = D6A325FD2A5FE8F60056EFA9 /* SplashViewController.swift */; };
		D6A326002A5FE9890056EFA9 /* MainTabBarViewController.swift in Sources */ = {isa = PBXBuildFile; fileRef = D6A325FF2A5FE9890056EFA9 /* MainTabBarViewController.swift */; };
		D6A326032A5FEA160056EFA9 /* AddCharacterView.swift in Sources */ = {isa = PBXBuildFile; fileRef = D6A326022A5FEA160056EFA9 /* AddCharacterView.swift */; };
		D6A326052A5FEA5C0056EFA9 /* AddCharacterViewController.swift in Sources */ = {isa = PBXBuildFile; fileRef = D6A326042A5FEA5C0056EFA9 /* AddCharacterViewController.swift */; };
		D6A326072A5FEAF30056EFA9 /* MakeView.swift in Sources */ = {isa = PBXBuildFile; fileRef = D6A326062A5FEAF30056EFA9 /* MakeView.swift */; };
		D6A326092A5FEB600056EFA9 /* Updatetextfield.swift in Sources */ = {isa = PBXBuildFile; fileRef = D6A326082A5FEB600056EFA9 /* Updatetextfield.swift */; };
		D6A3260B2A5FECF50056EFA9 /* CustomView.swift in Sources */ = {isa = PBXBuildFile; fileRef = D6A3260A2A5FECF50056EFA9 /* CustomView.swift */; };
		D6A3260D2A5FED660056EFA9 /* CustomViewController.swift in Sources */ = {isa = PBXBuildFile; fileRef = D6A3260C2A5FED660056EFA9 /* CustomViewController.swift */; };
		D6A3260F2A5FEF650056EFA9 /* EmailAuthService.swift in Sources */ = {isa = PBXBuildFile; fileRef = D6A3260E2A5FEF650056EFA9 /* EmailAuthService.swift */; };
		D6A326112A5FEFF70056EFA9 /* NewTF.swift in Sources */ = {isa = PBXBuildFile; fileRef = D6A326102A5FEFF70056EFA9 /* NewTF.swift */; };
		D6FC1CD92A58242800E1B72B /* FirebaseAnalytics in Frameworks */ = {isa = PBXBuildFile; productRef = D6FC1CD82A58242800E1B72B /* FirebaseAnalytics */; };
		D6FC1CDB2A58242800E1B72B /* FirebaseAnalyticsSwift-Beta in Frameworks */ = {isa = PBXBuildFile; productRef = D6FC1CDA2A58242800E1B72B /* FirebaseAnalyticsSwift-Beta */; };
		D6FC1CDD2A58242800E1B72B /* FirebaseAnalyticsWithoutAdIdSupport in Frameworks */ = {isa = PBXBuildFile; productRef = D6FC1CDC2A58242800E1B72B /* FirebaseAnalyticsWithoutAdIdSupport */; };
		D6FC1CDF2A58242800E1B72B /* FirebaseAppCheck in Frameworks */ = {isa = PBXBuildFile; productRef = D6FC1CDE2A58242800E1B72B /* FirebaseAppCheck */; };
		D6FC1CE12A58242800E1B72B /* FirebaseAppDistribution-Beta in Frameworks */ = {isa = PBXBuildFile; productRef = D6FC1CE02A58242800E1B72B /* FirebaseAppDistribution-Beta */; };
		D6FC1CE32A58242800E1B72B /* FirebaseAuth in Frameworks */ = {isa = PBXBuildFile; productRef = D6FC1CE22A58242800E1B72B /* FirebaseAuth */; };
		D6FC1CE52A58242800E1B72B /* FirebaseAuthCombine-Community in Frameworks */ = {isa = PBXBuildFile; productRef = D6FC1CE42A58242800E1B72B /* FirebaseAuthCombine-Community */; };
		D6FC1CE72A58242800E1B72B /* FirebaseCrashlytics in Frameworks */ = {isa = PBXBuildFile; productRef = D6FC1CE62A58242800E1B72B /* FirebaseCrashlytics */; };
		D6FC1CE92A58242800E1B72B /* FirebaseDatabase in Frameworks */ = {isa = PBXBuildFile; productRef = D6FC1CE82A58242800E1B72B /* FirebaseDatabase */; };
		D6FC1CEB2A58242800E1B72B /* FirebaseDatabaseSwift-Beta in Frameworks */ = {isa = PBXBuildFile; productRef = D6FC1CEA2A58242800E1B72B /* FirebaseDatabaseSwift-Beta */; };
		D6FC1CED2A58242800E1B72B /* FirebaseDynamicLinks in Frameworks */ = {isa = PBXBuildFile; productRef = D6FC1CEC2A58242800E1B72B /* FirebaseDynamicLinks */; };
		D6FC1CEF2A58242800E1B72B /* FirebaseFirestore in Frameworks */ = {isa = PBXBuildFile; productRef = D6FC1CEE2A58242800E1B72B /* FirebaseFirestore */; };
		D6FC1CF12A58242800E1B72B /* FirebaseFirestoreCombine-Community in Frameworks */ = {isa = PBXBuildFile; productRef = D6FC1CF02A58242800E1B72B /* FirebaseFirestoreCombine-Community */; };
		D6FC1CF32A58242800E1B72B /* FirebaseFirestoreSwift-Beta in Frameworks */ = {isa = PBXBuildFile; productRef = D6FC1CF22A58242800E1B72B /* FirebaseFirestoreSwift-Beta */; };
		D6FC1CF52A58242800E1B72B /* FirebaseFunctions in Frameworks */ = {isa = PBXBuildFile; productRef = D6FC1CF42A58242800E1B72B /* FirebaseFunctions */; };
		D6FC1CF72A58242800E1B72B /* FirebaseFunctionsCombine-Community in Frameworks */ = {isa = PBXBuildFile; productRef = D6FC1CF62A58242800E1B72B /* FirebaseFunctionsCombine-Community */; };
		D6FC1CF92A58242800E1B72B /* FirebaseStorage in Frameworks */ = {isa = PBXBuildFile; productRef = D6FC1CF82A58242800E1B72B /* FirebaseStorage */; };
		D6FC1CFB2A5856C800E1B72B /* RegisterViewController.swift in Sources */ = {isa = PBXBuildFile; fileRef = D6FC1CFA2A5856C700E1B72B /* RegisterViewController.swift */; };
		D6FC1CFD2A5870DA00E1B72B /* session.swift in Sources */ = {isa = PBXBuildFile; fileRef = D6FC1CFC2A5870DA00E1B72B /* session.swift */; };
/* End PBXBuildFile section */

/* Begin PBXFileReference section */
		D62AD95E2A542F1000C668D5 /* EntranceViewController.swift */ = {isa = PBXFileReference; lastKnownFileType = sourcecode.swift; path = EntranceViewController.swift; sourceTree = "<group>"; };
		D62AD9662A542FFB00C668D5 /* Launch Screen.storyboard */ = {isa = PBXFileReference; lastKnownFileType = file.storyboard; path = "Launch Screen.storyboard"; sourceTree = "<group>"; };
		D63A49552A4AE59C0067C592 /* homeWork3.5.app */ = {isa = PBXFileReference; explicitFileType = wrapper.application; includeInIndex = 0; path = homeWork3.5.app; sourceTree = BUILT_PRODUCTS_DIR; };
		D63A49582A4AE59C0067C592 /* AppDelegate.swift */ = {isa = PBXFileReference; lastKnownFileType = sourcecode.swift; path = AppDelegate.swift; sourceTree = "<group>"; };
		D63A495A2A4AE59C0067C592 /* SceneDelegate.swift */ = {isa = PBXFileReference; lastKnownFileType = sourcecode.swift; path = SceneDelegate.swift; sourceTree = "<group>"; };
		D63A495C2A4AE59C0067C592 /* StartViewController.swift */ = {isa = PBXFileReference; lastKnownFileType = sourcecode.swift; path = StartViewController.swift; sourceTree = "<group>"; };
		D63A49612A4AE59E0067C592 /* Assets.xcassets */ = {isa = PBXFileReference; lastKnownFileType = folder.assetcatalog; path = Assets.xcassets; sourceTree = "<group>"; };
		D63A49662A4AE59E0067C592 /* Info.plist */ = {isa = PBXFileReference; lastKnownFileType = text.plist.xml; path = Info.plist; sourceTree = "<group>"; };
		D63A496E2A4AE6B90067C592 /* SecondViewController.swift */ = {isa = PBXFileReference; lastKnownFileType = sourcecode.swift; path = SecondViewController.swift; sourceTree = "<group>"; };
		D63A49742A4AE7730067C592 /* NetworkService.swift */ = {isa = PBXFileReference; lastKnownFileType = sourcecode.swift; path = NetworkService.swift; sourceTree = "<group>"; };
		D63A49782A4AE7BB0067C592 /* ImgDownloader.swift */ = {isa = PBXFileReference; lastKnownFileType = sourcecode.swift; path = ImgDownloader.swift; sourceTree = "<group>"; };
		D63A497D2A4AE8210067C592 /* Character.swift */ = {isa = PBXFileReference; lastKnownFileType = sourcecode.swift; path = Character.swift; sourceTree = "<group>"; };
		D63A49802A4AE86D0067C592 /* Constants.swift */ = {isa = PBXFileReference; lastKnownFileType = sourcecode.swift; path = Constants.swift; sourceTree = "<group>"; };
		D63A49832A4AE8CF0067C592 /* String+Extension.swift */ = {isa = PBXFileReference; lastKnownFileType = sourcecode.swift; path = "String+Extension.swift"; sourceTree = "<group>"; };
		D63A49862A4AE9260067C592 /* CharacterCollectionViewCell.swift */ = {isa = PBXFileReference; lastKnownFileType = sourcecode.swift; path = CharacterCollectionViewCell.swift; sourceTree = "<group>"; };
		D63A49892A4AEBB90067C592 /* CharactersViewModel.swift */ = {isa = PBXFileReference; lastKnownFileType = sourcecode.swift; path = CharactersViewModel.swift; sourceTree = "<group>"; };
		D69CE34E2A55B2DE008EFD59 /* GoogleService-Info.plist */ = {isa = PBXFileReference; fileEncoding = 4; lastKnownFileType = text.plist.xml; path = "GoogleService-Info.plist"; sourceTree = "<group>"; };
		D69FB0172A5D4E8B00428984 /* AddProductViewController.swift */ = {isa = PBXFileReference; lastKnownFileType = sourcecode.swift; path = AddProductViewController.swift; sourceTree = "<group>"; };
		D69FB0192A5D57FC00428984 /* FireStoreManager.swift */ = {isa = PBXFileReference; lastKnownFileType = sourcecode.swift; path = FireStoreManager.swift; sourceTree = "<group>"; };
		D6A325EC2A5FE3720056EFA9 /* KeyChainStorage.swift */ = {isa = PBXFileReference; lastKnownFileType = sourcecode.swift; path = KeyChainStorage.swift; sourceTree = "<group>"; };
		D6A325EF2A5FE40D0056EFA9 /* UserDefaultStorage.swift */ = {isa = PBXFileReference; lastKnownFileType = sourcecode.swift; path = UserDefaultStorage.swift; sourceTree = "<group>"; };
		D6A325F22A5FE4640056EFA9 /* NetworkMonitor.swift */ = {isa = PBXFileReference; lastKnownFileType = sourcecode.swift; path = NetworkMonitor.swift; sourceTree = "<group>"; };
		D6A325FA2A5FE7480056EFA9 /* BaseAuthService.swift */ = {isa = PBXFileReference; lastKnownFileType = sourcecode.swift; path = BaseAuthService.swift; sourceTree = "<group>"; };
		D6A325FD2A5FE8F60056EFA9 /* SplashViewController.swift */ = {isa = PBXFileReference; lastKnownFileType = sourcecode.swift; path = SplashViewController.swift; sourceTree = "<group>"; };
		D6A325FF2A5FE9890056EFA9 /* MainTabBarViewController.swift */ = {isa = PBXFileReference; lastKnownFileType = sourcecode.swift; path = MainTabBarViewController.swift; sourceTree = "<group>"; };
		D6A326022A5FEA160056EFA9 /* AddCharacterView.swift */ = {isa = PBXFileReference; lastKnownFileType = sourcecode.swift; path = AddCharacterView.swift; sourceTree = "<group>"; };
		D6A326042A5FEA5C0056EFA9 /* AddCharacterViewController.swift */ = {isa = PBXFileReference; lastKnownFileType = sourcecode.swift; path = AddCharacterViewController.swift; sourceTree = "<group>"; };
		D6A326062A5FEAF30056EFA9 /* MakeView.swift */ = {isa = PBXFileReference; lastKnownFileType = sourcecode.swift; path = MakeView.swift; sourceTree = "<group>"; };
		D6A326082A5FEB600056EFA9 /* Updatetextfield.swift */ = {isa = PBXFileReference; lastKnownFileType = sourcecode.swift; path = Updatetextfield.swift; sourceTree = "<group>"; };
		D6A3260A2A5FECF50056EFA9 /* CustomView.swift */ = {isa = PBXFileReference; lastKnownFileType = sourcecode.swift; path = CustomView.swift; sourceTree = "<group>"; };
		D6A3260C2A5FED660056EFA9 /* CustomViewController.swift */ = {isa = PBXFileReference; lastKnownFileType = sourcecode.swift; path = CustomViewController.swift; sourceTree = "<group>"; };
		D6A3260E2A5FEF650056EFA9 /* EmailAuthService.swift */ = {isa = PBXFileReference; lastKnownFileType = sourcecode.swift; path = EmailAuthService.swift; sourceTree = "<group>"; };
		D6A326102A5FEFF70056EFA9 /* NewTF.swift */ = {isa = PBXFileReference; lastKnownFileType = sourcecode.swift; path = NewTF.swift; sourceTree = "<group>"; };
		D6FC1CFA2A5856C700E1B72B /* RegisterViewController.swift */ = {isa = PBXFileReference; lastKnownFileType = sourcecode.swift; path = RegisterViewController.swift; sourceTree = "<group>"; };
		D6FC1CFC2A5870DA00E1B72B /* session.swift */ = {isa = PBXFileReference; lastKnownFileType = sourcecode.swift; path = session.swift; sourceTree = "<group>"; };
/* End PBXFileReference section */

/* Begin PBXFrameworksBuildPhase section */
		D63A49522A4AE59C0067C592 /* Frameworks */ = {
			isa = PBXFrameworksBuildPhase;
			buildActionMask = 2147483647;
			files = (
				D6FC1CE92A58242800E1B72B /* FirebaseDatabase in Frameworks */,
				D6FC1CF72A58242800E1B72B /* FirebaseFunctionsCombine-Community in Frameworks */,
				D6FC1CEF2A58242800E1B72B /* FirebaseFirestore in Frameworks */,
				D6FC1CDB2A58242800E1B72B /* FirebaseAnalyticsSwift-Beta in Frameworks */,
				D6FC1CD92A58242800E1B72B /* FirebaseAnalytics in Frameworks */,
				D63A49722A4AE7320067C592 /* SnapKit in Frameworks */,
				D6FC1CDF2A58242800E1B72B /* FirebaseAppCheck in Frameworks */,
				D6FC1CDD2A58242800E1B72B /* FirebaseAnalyticsWithoutAdIdSupport in Frameworks */,
				D6FC1CE32A58242800E1B72B /* FirebaseAuth in Frameworks */,
				D6FC1CE72A58242800E1B72B /* FirebaseCrashlytics in Frameworks */,
				D6FC1CEB2A58242800E1B72B /* FirebaseDatabaseSwift-Beta in Frameworks */,
				D6FC1CF92A58242800E1B72B /* FirebaseStorage in Frameworks */,
				D6FC1CE12A58242800E1B72B /* FirebaseAppDistribution-Beta in Frameworks */,
				D6FC1CF52A58242800E1B72B /* FirebaseFunctions in Frameworks */,
				D6FC1CE52A58242800E1B72B /* FirebaseAuthCombine-Community in Frameworks */,
				D6FC1CF32A58242800E1B72B /* FirebaseFirestoreSwift-Beta in Frameworks */,
				D6FC1CED2A58242800E1B72B /* FirebaseDynamicLinks in Frameworks */,
				D6FC1CF12A58242800E1B72B /* FirebaseFirestoreCombine-Community in Frameworks */,
			);
			runOnlyForDeploymentPostprocessing = 0;
		};
/* End PBXFrameworksBuildPhase section */

/* Begin PBXGroup section */
		D63A494C2A4AE59C0067C592 = {
			isa = PBXGroup;
			children = (
				D63A49572A4AE59C0067C592 /* homeWork3.5 */,
				D63A49562A4AE59C0067C592 /* Products */,
			);
			sourceTree = "<group>";
		};
		D63A49562A4AE59C0067C592 /* Products */ = {
			isa = PBXGroup;
			children = (
				D63A49552A4AE59C0067C592 /* homeWork3.5.app */,
			);
			name = Products;
			sourceTree = "<group>";
		};
		D63A49572A4AE59C0067C592 /* homeWork3.5 */ = {
			isa = PBXGroup;
			children = (
				D69CE34E2A55B2DE008EFD59 /* GoogleService-Info.plist */,
				D6A325F92A5FE6F00056EFA9 /* Auth */,
				D63A496C2A4AE6430067C592 /* App */,
				D63A49882A4AE9EC0067C592 /* WorkFlow */,
				D63A49762A4AE7840067C592 /* MODEL */,
				D63A496D2A4AE6920067C592 /* ViewController */,
				D63A498B2A4B04D50067C592 /* Resourse */,
			);
			path = homeWork3.5;
			sourceTree = "<group>";
		};
		D63A496C2A4AE6430067C592 /* App */ = {
			isa = PBXGroup;
			children = (
				D63A495A2A4AE59C0067C592 /* SceneDelegate.swift */,
				D63A49582A4AE59C0067C592 /* AppDelegate.swift */,
			);
			path = App;
			sourceTree = "<group>";
		};
		D63A496D2A4AE6920067C592 /* ViewController */ = {
			isa = PBXGroup;
			children = (
				D6A326012A5FE9EB0056EFA9 /* AddCharacter */,
				D63A495C2A4AE59C0067C592 /* StartViewController.swift */,
				D63A496E2A4AE6B90067C592 /* SecondViewController.swift */,
				D62AD95E2A542F1000C668D5 /* EntranceViewController.swift */,
				D6FC1CFA2A5856C700E1B72B /* RegisterViewController.swift */,
				D6FC1CFC2A5870DA00E1B72B /* session.swift */,
				D69FB0172A5D4E8B00428984 /* AddProductViewController.swift */,
				D69FB0192A5D57FC00428984 /* FireStoreManager.swift */,
				D6A325FD2A5FE8F60056EFA9 /* SplashViewController.swift */,
				D6A325FF2A5FE9890056EFA9 /* MainTabBarViewController.swift */,
				D6A3260A2A5FECF50056EFA9 /* CustomView.swift */,
			);
			path = ViewController;
			sourceTree = "<group>";
		};
		D63A49732A4AE74D0067C592 /* Networking */ = {
			isa = PBXGroup;
			children = (
				D63A49742A4AE7730067C592 /* NetworkService.swift */,
			);
			path = Networking;
			sourceTree = "<group>";
		};
		D63A49762A4AE7840067C592 /* MODEL */ = {
			isa = PBXGroup;
			children = (
				D6A325F12A5FE43A0056EFA9 /* Network */,
				D6A325EE2A5FE3FB0056EFA9 /* UserDefaultStorage */,
				D6A325EB2A5FE34E0056EFA9 /* KeyChainStorage */,
				D63A49732A4AE74D0067C592 /* Networking */,
				D63A49822A4AE87F0067C592 /* Extensions */,
				D63A497F2A4AE8370067C592 /* CONST */,
				D63A497C2A4AE8000067C592 /* DTOs */,
				D63A49772A4AE7980067C592 /* Helpers */,
			);
			path = MODEL;
			sourceTree = "<group>";
		};
		D63A49772A4AE7980067C592 /* Helpers */ = {
			isa = PBXGroup;
			children = (
				D63A49782A4AE7BB0067C592 /* ImgDownloader.swift */,
				D6A326062A5FEAF30056EFA9 /* MakeView.swift */,
			);
			path = Helpers;
			sourceTree = "<group>";
		};
		D63A497C2A4AE8000067C592 /* DTOs */ = {
			isa = PBXGroup;
			children = (
				D63A497D2A4AE8210067C592 /* Character.swift */,
			);
			path = DTOs;
			sourceTree = "<group>";
		};
		D63A497F2A4AE8370067C592 /* CONST */ = {
			isa = PBXGroup;
			children = (
				D63A49802A4AE86D0067C592 /* Constants.swift */,
			);
			path = CONST;
			sourceTree = "<group>";
		};
		D63A49822A4AE87F0067C592 /* Extensions */ = {
			isa = PBXGroup;
			children = (
				D63A49832A4AE8CF0067C592 /* String+Extension.swift */,
				D6A326082A5FEB600056EFA9 /* Updatetextfield.swift */,
				D6A326102A5FEFF70056EFA9 /* NewTF.swift */,
			);
			path = Extensions;
			sourceTree = "<group>";
		};
		D63A49852A4AE90C0067C592 /* Components */ = {
			isa = PBXGroup;
			children = (
				D63A49862A4AE9260067C592 /* CharacterCollectionViewCell.swift */,
			);
			path = Components;
			sourceTree = "<group>";
		};
		D63A49882A4AE9EC0067C592 /* WorkFlow */ = {
			isa = PBXGroup;
			children = (
				D63A49892A4AEBB90067C592 /* CharactersViewModel.swift */,
				D63A49852A4AE90C0067C592 /* Components */,
			);
			path = WorkFlow;
			sourceTree = "<group>";
		};
		D63A498B2A4B04D50067C592 /* Resourse */ = {
			isa = PBXGroup;
			children = (
				D63A49612A4AE59E0067C592 /* Assets.xcassets */,
				D63A49662A4AE59E0067C592 /* Info.plist */,
				D62AD9662A542FFB00C668D5 /* Launch Screen.storyboard */,
			);
			path = Resourse;
			sourceTree = "<group>";
		};
		D6A325EB2A5FE34E0056EFA9 /* KeyChainStorage */ = {
			isa = PBXGroup;
			children = (
				D6A325EC2A5FE3720056EFA9 /* KeyChainStorage.swift */,
			);
			path = KeyChainStorage;
			sourceTree = "<group>";
		};
		D6A325EE2A5FE3FB0056EFA9 /* UserDefaultStorage */ = {
			isa = PBXGroup;
			children = (
				D6A325EF2A5FE40D0056EFA9 /* UserDefaultStorage.swift */,
			);
			path = UserDefaultStorage;
			sourceTree = "<group>";
		};
		D6A325F12A5FE43A0056EFA9 /* Network */ = {
			isa = PBXGroup;
			children = (
				D6A325F22A5FE4640056EFA9 /* NetworkMonitor.swift */,
			);
			path = Network;
			sourceTree = "<group>";
		};
		D6A325F92A5FE6F00056EFA9 /* Auth */ = {
			isa = PBXGroup;
			children = (
				D6A325FA2A5FE7480056EFA9 /* BaseAuthService.swift */,
			);
			path = Auth;
			sourceTree = "<group>";
		};
		D6A326012A5FE9EB0056EFA9 /* AddCharacter */ = {
			isa = PBXGroup;
			children = (
				D6A326022A5FEA160056EFA9 /* AddCharacterView.swift */,
				D6A326042A5FEA5C0056EFA9 /* AddCharacterViewController.swift */,
				D6A3260C2A5FED660056EFA9 /* CustomViewController.swift */,
				D6A3260E2A5FEF650056EFA9 /* EmailAuthService.swift */,
			);
			path = AddCharacter;
			sourceTree = "<group>";
		};
/* End PBXGroup section */

/* Begin PBXNativeTarget section */
		D63A49542A4AE59C0067C592 /* homeWork3.5 */ = {
			isa = PBXNativeTarget;
			buildConfigurationList = D63A49692A4AE59E0067C592 /* Build configuration list for PBXNativeTarget "homeWork3.5" */;
			buildPhases = (
				D63A49512A4AE59C0067C592 /* Sources */,
				D63A49522A4AE59C0067C592 /* Frameworks */,
				D63A49532A4AE59C0067C592 /* Resources */,
			);
			buildRules = (
			);
			dependencies = (
			);
			name = homeWork3.5;
			packageProductDependencies = (
				D63A49712A4AE7320067C592 /* SnapKit */,
				D6FC1CD82A58242800E1B72B /* FirebaseAnalytics */,
				D6FC1CDA2A58242800E1B72B /* FirebaseAnalyticsSwift-Beta */,
				D6FC1CDC2A58242800E1B72B /* FirebaseAnalyticsWithoutAdIdSupport */,
				D6FC1CDE2A58242800E1B72B /* FirebaseAppCheck */,
				D6FC1CE02A58242800E1B72B /* FirebaseAppDistribution-Beta */,
				D6FC1CE22A58242800E1B72B /* FirebaseAuth */,
				D6FC1CE42A58242800E1B72B /* FirebaseAuthCombine-Community */,
				D6FC1CE62A58242800E1B72B /* FirebaseCrashlytics */,
				D6FC1CE82A58242800E1B72B /* FirebaseDatabase */,
				D6FC1CEA2A58242800E1B72B /* FirebaseDatabaseSwift-Beta */,
				D6FC1CEC2A58242800E1B72B /* FirebaseDynamicLinks */,
				D6FC1CEE2A58242800E1B72B /* FirebaseFirestore */,
				D6FC1CF02A58242800E1B72B /* FirebaseFirestoreCombine-Community */,
				D6FC1CF22A58242800E1B72B /* FirebaseFirestoreSwift-Beta */,
				D6FC1CF42A58242800E1B72B /* FirebaseFunctions */,
				D6FC1CF62A58242800E1B72B /* FirebaseFunctionsCombine-Community */,
				D6FC1CF82A58242800E1B72B /* FirebaseStorage */,
			);
			productName = homeWork3.5;
			productReference = D63A49552A4AE59C0067C592 /* homeWork3.5.app */;
			productType = "com.apple.product-type.application";
		};
/* End PBXNativeTarget section */

/* Begin PBXProject section */
		D63A494D2A4AE59C0067C592 /* Project object */ = {
			isa = PBXProject;
			attributes = {
				BuildIndependentTargetsInParallel = 1;
				LastSwiftUpdateCheck = 1310;
				LastUpgradeCheck = 1310;
				TargetAttributes = {
					D63A49542A4AE59C0067C592 = {
						CreatedOnToolsVersion = 13.1;
					};
				};
			};
			buildConfigurationList = D63A49502A4AE59C0067C592 /* Build configuration list for PBXProject "homeWork3.5" */;
			compatibilityVersion = "Xcode 13.0";
			developmentRegion = en;
			hasScannedForEncodings = 0;
			knownRegions = (
				en,
				Base,
			);
			mainGroup = D63A494C2A4AE59C0067C592;
			packageReferences = (
				D63A49702A4AE7320067C592 /* XCRemoteSwiftPackageReference "SnapKit" */,
				D6FC1CD72A58242700E1B72B /* XCRemoteSwiftPackageReference "firebase-ios-sdk" */,
			);
			productRefGroup = D63A49562A4AE59C0067C592 /* Products */;
			projectDirPath = "";
			projectRoot = "";
			targets = (
				D63A49542A4AE59C0067C592 /* homeWork3.5 */,
			);
		};
/* End PBXProject section */

/* Begin PBXResourcesBuildPhase section */
		D63A49532A4AE59C0067C592 /* Resources */ = {
			isa = PBXResourcesBuildPhase;
			buildActionMask = 2147483647;
			files = (
				D62AD9672A542FFB00C668D5 /* Launch Screen.storyboard in Resources */,
				D63A49622A4AE59E0067C592 /* Assets.xcassets in Resources */,
				D69CE34F2A55B2DE008EFD59 /* GoogleService-Info.plist in Resources */,
			);
			runOnlyForDeploymentPostprocessing = 0;
		};
/* End PBXResourcesBuildPhase section */

/* Begin PBXSourcesBuildPhase section */
		D63A49512A4AE59C0067C592 /* Sources */ = {
			isa = PBXSourcesBuildPhase;
			buildActionMask = 2147483647;
			files = (
				D6A326052A5FEA5C0056EFA9 /* AddCharacterViewController.swift in Sources */,
				D63A498A2A4AEBB90067C592 /* CharactersViewModel.swift in Sources */,
				D63A49872A4AE9270067C592 /* CharacterCollectionViewCell.swift in Sources */,
				D6A325FB2A5FE7480056EFA9 /* BaseAuthService.swift in Sources */,
				D6A326092A5FEB600056EFA9 /* Updatetextfield.swift in Sources */,
				D6A326002A5FE9890056EFA9 /* MainTabBarViewController.swift in Sources */,
				D69FB0182A5D4E8B00428984 /* AddProductViewController.swift in Sources */,
				D62AD95F2A542F1000C668D5 /* EntranceViewController.swift in Sources */,
				D6A326032A5FEA160056EFA9 /* AddCharacterView.swift in Sources */,
				D63A49752A4AE7730067C592 /* NetworkService.swift in Sources */,
				D6A325ED2A5FE3720056EFA9 /* KeyChainStorage.swift in Sources */,
				D6A325F02A5FE40D0056EFA9 /* UserDefaultStorage.swift in Sources */,
				D63A49842A4AE8CF0067C592 /* String+Extension.swift in Sources */,
				D63A496F2A4AE6B90067C592 /* SecondViewController.swift in Sources */,
				D63A497E2A4AE8210067C592 /* Character.swift in Sources */,
				D6A3260D2A5FED660056EFA9 /* CustomViewController.swift in Sources */,
				D63A49792A4AE7BB0067C592 /* ImgDownloader.swift in Sources */,
				D6A326072A5FEAF30056EFA9 /* MakeView.swift in Sources */,
				D6A325FE2A5FE8F60056EFA9 /* SplashViewController.swift in Sources */,
				D6FC1CFD2A5870DA00E1B72B /* session.swift in Sources */,
				D6A3260F2A5FEF650056EFA9 /* EmailAuthService.swift in Sources */,
				D63A495D2A4AE59C0067C592 /* StartViewController.swift in Sources */,
				D63A49592A4AE59C0067C592 /* AppDelegate.swift in Sources */,
				D6A3260B2A5FECF50056EFA9 /* CustomView.swift in Sources */,
				D6FC1CFB2A5856C800E1B72B /* RegisterViewController.swift in Sources */,
				D63A495B2A4AE59C0067C592 /* SceneDelegate.swift in Sources */,
				D6A326112A5FEFF70056EFA9 /* NewTF.swift in Sources */,
				D6A325F32A5FE4640056EFA9 /* NetworkMonitor.swift in Sources */,
				D63A49812A4AE86D0067C592 /* Constants.swift in Sources */,
				D69FB01A2A5D57FC00428984 /* FireStoreManager.swift in Sources */,
			);
			runOnlyForDeploymentPostprocessing = 0;
		};
/* End PBXSourcesBuildPhase section */

/* Begin XCBuildConfiguration section */
		D63A49672A4AE59E0067C592 /* Debug */ = {
			isa = XCBuildConfiguration;
			buildSettings = {
				ALWAYS_SEARCH_USER_PATHS = NO;
				CLANG_ANALYZER_NONNULL = YES;
				CLANG_ANALYZER_NUMBER_OBJECT_CONVERSION = YES_AGGRESSIVE;
				CLANG_CXX_LANGUAGE_STANDARD = "gnu++17";
				CLANG_CXX_LIBRARY = "libc++";
				CLANG_ENABLE_MODULES = YES;
				CLANG_ENABLE_OBJC_ARC = YES;
				CLANG_ENABLE_OBJC_WEAK = YES;
				CLANG_WARN_BLOCK_CAPTURE_AUTORELEASING = YES;
				CLANG_WARN_BOOL_CONVERSION = YES;
				CLANG_WARN_COMMA = YES;
				CLANG_WARN_CONSTANT_CONVERSION = YES;
				CLANG_WARN_DEPRECATED_OBJC_IMPLEMENTATIONS = YES;
				CLANG_WARN_DIRECT_OBJC_ISA_USAGE = YES_ERROR;
				CLANG_WARN_DOCUMENTATION_COMMENTS = YES;
				CLANG_WARN_EMPTY_BODY = YES;
				CLANG_WARN_ENUM_CONVERSION = YES;
				CLANG_WARN_INFINITE_RECURSION = YES;
				CLANG_WARN_INT_CONVERSION = YES;
				CLANG_WARN_NON_LITERAL_NULL_CONVERSION = YES;
				CLANG_WARN_OBJC_IMPLICIT_RETAIN_SELF = YES;
				CLANG_WARN_OBJC_LITERAL_CONVERSION = YES;
				CLANG_WARN_OBJC_ROOT_CLASS = YES_ERROR;
				CLANG_WARN_QUOTED_INCLUDE_IN_FRAMEWORK_HEADER = YES;
				CLANG_WARN_RANGE_LOOP_ANALYSIS = YES;
				CLANG_WARN_STRICT_PROTOTYPES = YES;
				CLANG_WARN_SUSPICIOUS_MOVE = YES;
				CLANG_WARN_UNGUARDED_AVAILABILITY = YES_AGGRESSIVE;
				CLANG_WARN_UNREACHABLE_CODE = YES;
				CLANG_WARN__DUPLICATE_METHOD_MATCH = YES;
				COPY_PHASE_STRIP = NO;
				DEBUG_INFORMATION_FORMAT = dwarf;
				ENABLE_STRICT_OBJC_MSGSEND = YES;
				ENABLE_TESTABILITY = YES;
				GCC_C_LANGUAGE_STANDARD = gnu11;
				GCC_DYNAMIC_NO_PIC = NO;
				GCC_NO_COMMON_BLOCKS = YES;
				GCC_OPTIMIZATION_LEVEL = 0;
				GCC_PREPROCESSOR_DEFINITIONS = (
					"DEBUG=1",
					"$(inherited)",
				);
				GCC_WARN_64_TO_32_BIT_CONVERSION = YES;
				GCC_WARN_ABOUT_RETURN_TYPE = YES_ERROR;
				GCC_WARN_UNDECLARED_SELECTOR = YES;
				GCC_WARN_UNINITIALIZED_AUTOS = YES_AGGRESSIVE;
				GCC_WARN_UNUSED_FUNCTION = YES;
				GCC_WARN_UNUSED_VARIABLE = YES;
				IPHONEOS_DEPLOYMENT_TARGET = 15.0;
				MTL_ENABLE_DEBUG_INFO = INCLUDE_SOURCE;
				MTL_FAST_MATH = YES;
				ONLY_ACTIVE_ARCH = YES;
				SDKROOT = iphoneos;
				SWIFT_ACTIVE_COMPILATION_CONDITIONS = DEBUG;
				SWIFT_OPTIMIZATION_LEVEL = "-Onone";
			};
			name = Debug;
		};
		D63A49682A4AE59E0067C592 /* Release */ = {
			isa = XCBuildConfiguration;
			buildSettings = {
				ALWAYS_SEARCH_USER_PATHS = NO;
				CLANG_ANALYZER_NONNULL = YES;
				CLANG_ANALYZER_NUMBER_OBJECT_CONVERSION = YES_AGGRESSIVE;
				CLANG_CXX_LANGUAGE_STANDARD = "gnu++17";
				CLANG_CXX_LIBRARY = "libc++";
				CLANG_ENABLE_MODULES = YES;
				CLANG_ENABLE_OBJC_ARC = YES;
				CLANG_ENABLE_OBJC_WEAK = YES;
				CLANG_WARN_BLOCK_CAPTURE_AUTORELEASING = YES;
				CLANG_WARN_BOOL_CONVERSION = YES;
				CLANG_WARN_COMMA = YES;
				CLANG_WARN_CONSTANT_CONVERSION = YES;
				CLANG_WARN_DEPRECATED_OBJC_IMPLEMENTATIONS = YES;
				CLANG_WARN_DIRECT_OBJC_ISA_USAGE = YES_ERROR;
				CLANG_WARN_DOCUMENTATION_COMMENTS = YES;
				CLANG_WARN_EMPTY_BODY = YES;
				CLANG_WARN_ENUM_CONVERSION = YES;
				CLANG_WARN_INFINITE_RECURSION = YES;
				CLANG_WARN_INT_CONVERSION = YES;
				CLANG_WARN_NON_LITERAL_NULL_CONVERSION = YES;
				CLANG_WARN_OBJC_IMPLICIT_RETAIN_SELF = YES;
				CLANG_WARN_OBJC_LITERAL_CONVERSION = YES;
				CLANG_WARN_OBJC_ROOT_CLASS = YES_ERROR;
				CLANG_WARN_QUOTED_INCLUDE_IN_FRAMEWORK_HEADER = YES;
				CLANG_WARN_RANGE_LOOP_ANALYSIS = YES;
				CLANG_WARN_STRICT_PROTOTYPES = YES;
				CLANG_WARN_SUSPICIOUS_MOVE = YES;
				CLANG_WARN_UNGUARDED_AVAILABILITY = YES_AGGRESSIVE;
				CLANG_WARN_UNREACHABLE_CODE = YES;
				CLANG_WARN__DUPLICATE_METHOD_MATCH = YES;
				COPY_PHASE_STRIP = NO;
				DEBUG_INFORMATION_FORMAT = "dwarf-with-dsym";
				ENABLE_NS_ASSERTIONS = NO;
				ENABLE_STRICT_OBJC_MSGSEND = YES;
				GCC_C_LANGUAGE_STANDARD = gnu11;
				GCC_NO_COMMON_BLOCKS = YES;
				GCC_WARN_64_TO_32_BIT_CONVERSION = YES;
				GCC_WARN_ABOUT_RETURN_TYPE = YES_ERROR;
				GCC_WARN_UNDECLARED_SELECTOR = YES;
				GCC_WARN_UNINITIALIZED_AUTOS = YES_AGGRESSIVE;
				GCC_WARN_UNUSED_FUNCTION = YES;
				GCC_WARN_UNUSED_VARIABLE = YES;
				IPHONEOS_DEPLOYMENT_TARGET = 15.0;
				MTL_ENABLE_DEBUG_INFO = NO;
				MTL_FAST_MATH = YES;
				SDKROOT = iphoneos;
				SWIFT_COMPILATION_MODE = wholemodule;
				SWIFT_OPTIMIZATION_LEVEL = "-O";
				VALIDATE_PRODUCT = YES;
			};
			name = Release;
		};
		D63A496A2A4AE59E0067C592 /* Debug */ = {
			isa = XCBuildConfiguration;
			buildSettings = {
				ASSETCATALOG_COMPILER_APPICON_NAME = AppIcon;
				ASSETCATALOG_COMPILER_GLOBAL_ACCENT_COLOR_NAME = AccentColor;
				CODE_SIGN_STYLE = Automatic;
				CURRENT_PROJECT_VERSION = 1;
				GENERATE_INFOPLIST_FILE = YES;
				INFOPLIST_FILE = homeWork3.5/Resourse/Info.plist;
				INFOPLIST_KEY_UIApplicationSupportsIndirectInputEvents = YES;
				INFOPLIST_KEY_UILaunchStoryboardName = LaunchScreen;
				INFOPLIST_KEY_UISupportedInterfaceOrientations_iPad = "UIInterfaceOrientationPortrait UIInterfaceOrientationPortraitUpsideDown UIInterfaceOrientationLandscapeLeft UIInterfaceOrientationLandscapeRight";
				INFOPLIST_KEY_UISupportedInterfaceOrientations_iPhone = "UIInterfaceOrientationPortrait UIInterfaceOrientationLandscapeLeft UIInterfaceOrientationLandscapeRight";
				LD_RUNPATH_SEARCH_PATHS = (
					"$(inherited)",
					"@executable_path/Frameworks",
				);
				MARKETING_VERSION = 1.0;
				PRODUCT_BUNDLE_IDENTIFIER = "com.mycookie.homeWork3-5";
				PRODUCT_NAME = "$(TARGET_NAME)";
				SWIFT_EMIT_LOC_STRINGS = YES;
				SWIFT_VERSION = 5.0;
				TARGETED_DEVICE_FAMILY = "1,2";
			};
			name = Debug;
		};
		D63A496B2A4AE59E0067C592 /* Release */ = {
			isa = XCBuildConfiguration;
			buildSettings = {
				ASSETCATALOG_COMPILER_APPICON_NAME = AppIcon;
				ASSETCATALOG_COMPILER_GLOBAL_ACCENT_COLOR_NAME = AccentColor;
				CODE_SIGN_STYLE = Automatic;
				CURRENT_PROJECT_VERSION = 1;
				GENERATE_INFOPLIST_FILE = YES;
				INFOPLIST_FILE = homeWork3.5/Resourse/Info.plist;
				INFOPLIST_KEY_UIApplicationSupportsIndirectInputEvents = YES;
				INFOPLIST_KEY_UILaunchStoryboardName = LaunchScreen;
				INFOPLIST_KEY_UISupportedInterfaceOrientations_iPad = "UIInterfaceOrientationPortrait UIInterfaceOrientationPortraitUpsideDown UIInterfaceOrientationLandscapeLeft UIInterfaceOrientationLandscapeRight";
				INFOPLIST_KEY_UISupportedInterfaceOrientations_iPhone = "UIInterfaceOrientationPortrait UIInterfaceOrientationLandscapeLeft UIInterfaceOrientationLandscapeRight";
				LD_RUNPATH_SEARCH_PATHS = (
					"$(inherited)",
					"@executable_path/Frameworks",
				);
				MARKETING_VERSION = 1.0;
				PRODUCT_BUNDLE_IDENTIFIER = "com.mycookie.homeWork3-5";
				PRODUCT_NAME = "$(TARGET_NAME)";
				SWIFT_EMIT_LOC_STRINGS = YES;
				SWIFT_VERSION = 5.0;
				TARGETED_DEVICE_FAMILY = "1,2";
			};
			name = Release;
		};
/* End XCBuildConfiguration section */

/* Begin XCConfigurationList section */
		D63A49502A4AE59C0067C592 /* Build configuration list for PBXProject "homeWork3.5" */ = {
			isa = XCConfigurationList;
			buildConfigurations = (
				D63A49672A4AE59E0067C592 /* Debug */,
				D63A49682A4AE59E0067C592 /* Release */,
			);
			defaultConfigurationIsVisible = 0;
			defaultConfigurationName = Release;
		};
		D63A49692A4AE59E0067C592 /* Build configuration list for PBXNativeTarget "homeWork3.5" */ = {
			isa = XCConfigurationList;
			buildConfigurations = (
				D63A496A2A4AE59E0067C592 /* Debug */,
				D63A496B2A4AE59E0067C592 /* Release */,
			);
			defaultConfigurationIsVisible = 0;
			defaultConfigurationName = Release;
		};
/* End XCConfigurationList section */

/* Begin XCRemoteSwiftPackageReference section */
		D63A49702A4AE7320067C592 /* XCRemoteSwiftPackageReference "SnapKit" */ = {
			isa = XCRemoteSwiftPackageReference;
			repositoryURL = "https://github.com/SnapKit/SnapKit.git";
			requirement = {
				branch = develop;
				kind = branch;
			};
		};
		D6FC1CD72A58242700E1B72B /* XCRemoteSwiftPackageReference "firebase-ios-sdk" */ = {
			isa = XCRemoteSwiftPackageReference;
			repositoryURL = "https://github.com/firebase/firebase-ios-sdk";
			requirement = {
				kind = upToNextMajorVersion;
				minimumVersion = 8.0.0;
			};
		};
/* End XCRemoteSwiftPackageReference section */

/* Begin XCSwiftPackageProductDependency section */
		D63A49712A4AE7320067C592 /* SnapKit */ = {
			isa = XCSwiftPackageProductDependency;
			package = D63A49702A4AE7320067C592 /* XCRemoteSwiftPackageReference "SnapKit" */;
			productName = SnapKit;
		};
		D6FC1CD82A58242800E1B72B /* FirebaseAnalytics */ = {
			isa = XCSwiftPackageProductDependency;
			package = D6FC1CD72A58242700E1B72B /* XCRemoteSwiftPackageReference "firebase-ios-sdk" */;
			productName = FirebaseAnalytics;
		};
		D6FC1CDA2A58242800E1B72B /* FirebaseAnalyticsSwift-Beta */ = {
			isa = XCSwiftPackageProductDependency;
			package = D6FC1CD72A58242700E1B72B /* XCRemoteSwiftPackageReference "firebase-ios-sdk" */;
			productName = "FirebaseAnalyticsSwift-Beta";
		};
		D6FC1CDC2A58242800E1B72B /* FirebaseAnalyticsWithoutAdIdSupport */ = {
			isa = XCSwiftPackageProductDependency;
			package = D6FC1CD72A58242700E1B72B /* XCRemoteSwiftPackageReference "firebase-ios-sdk" */;
			productName = FirebaseAnalyticsWithoutAdIdSupport;
		};
		D6FC1CDE2A58242800E1B72B /* FirebaseAppCheck */ = {
			isa = XCSwiftPackageProductDependency;
			package = D6FC1CD72A58242700E1B72B /* XCRemoteSwiftPackageReference "firebase-ios-sdk" */;
			productName = FirebaseAppCheck;
		};
		D6FC1CE02A58242800E1B72B /* FirebaseAppDistribution-Beta */ = {
			isa = XCSwiftPackageProductDependency;
			package = D6FC1CD72A58242700E1B72B /* XCRemoteSwiftPackageReference "firebase-ios-sdk" */;
			productName = "FirebaseAppDistribution-Beta";
		};
		D6FC1CE22A58242800E1B72B /* FirebaseAuth */ = {
			isa = XCSwiftPackageProductDependency;
			package = D6FC1CD72A58242700E1B72B /* XCRemoteSwiftPackageReference "firebase-ios-sdk" */;
			productName = FirebaseAuth;
		};
		D6FC1CE42A58242800E1B72B /* FirebaseAuthCombine-Community */ = {
			isa = XCSwiftPackageProductDependency;
			package = D6FC1CD72A58242700E1B72B /* XCRemoteSwiftPackageReference "firebase-ios-sdk" */;
			productName = "FirebaseAuthCombine-Community";
		};
		D6FC1CE62A58242800E1B72B /* FirebaseCrashlytics */ = {
			isa = XCSwiftPackageProductDependency;
			package = D6FC1CD72A58242700E1B72B /* XCRemoteSwiftPackageReference "firebase-ios-sdk" */;
			productName = FirebaseCrashlytics;
		};
		D6FC1CE82A58242800E1B72B /* FirebaseDatabase */ = {
			isa = XCSwiftPackageProductDependency;
			package = D6FC1CD72A58242700E1B72B /* XCRemoteSwiftPackageReference "firebase-ios-sdk" */;
			productName = FirebaseDatabase;
		};
		D6FC1CEA2A58242800E1B72B /* FirebaseDatabaseSwift-Beta */ = {
			isa = XCSwiftPackageProductDependency;
			package = D6FC1CD72A58242700E1B72B /* XCRemoteSwiftPackageReference "firebase-ios-sdk" */;
			productName = "FirebaseDatabaseSwift-Beta";
		};
		D6FC1CEC2A58242800E1B72B /* FirebaseDynamicLinks */ = {
			isa = XCSwiftPackageProductDependency;
			package = D6FC1CD72A58242700E1B72B /* XCRemoteSwiftPackageReference "firebase-ios-sdk" */;
			productName = FirebaseDynamicLinks;
		};
		D6FC1CEE2A58242800E1B72B /* FirebaseFirestore */ = {
			isa = XCSwiftPackageProductDependency;
			package = D6FC1CD72A58242700E1B72B /* XCRemoteSwiftPackageReference "firebase-ios-sdk" */;
			productName = FirebaseFirestore;
		};
		D6FC1CF02A58242800E1B72B /* FirebaseFirestoreCombine-Community */ = {
			isa = XCSwiftPackageProductDependency;
			package = D6FC1CD72A58242700E1B72B /* XCRemoteSwiftPackageReference "firebase-ios-sdk" */;
			productName = "FirebaseFirestoreCombine-Community";
		};
		D6FC1CF22A58242800E1B72B /* FirebaseFirestoreSwift-Beta */ = {
			isa = XCSwiftPackageProductDependency;
			package = D6FC1CD72A58242700E1B72B /* XCRemoteSwiftPackageReference "firebase-ios-sdk" */;
			productName = "FirebaseFirestoreSwift-Beta";
		};
		D6FC1CF42A58242800E1B72B /* FirebaseFunctions */ = {
			isa = XCSwiftPackageProductDependency;
			package = D6FC1CD72A58242700E1B72B /* XCRemoteSwiftPackageReference "firebase-ios-sdk" */;
			productName = FirebaseFunctions;
		};
		D6FC1CF62A58242800E1B72B /* FirebaseFunctionsCombine-Community */ = {
			isa = XCSwiftPackageProductDependency;
			package = D6FC1CD72A58242700E1B72B /* XCRemoteSwiftPackageReference "firebase-ios-sdk" */;
			productName = "FirebaseFunctionsCombine-Community";
		};
		D6FC1CF82A58242800E1B72B /* FirebaseStorage */ = {
			isa = XCSwiftPackageProductDependency;
			package = D6FC1CD72A58242700E1B72B /* XCRemoteSwiftPackageReference "firebase-ios-sdk" */;
			productName = FirebaseStorage;
		};
/* End XCSwiftPackageProductDependency section */
	};
	rootObject = D63A494D2A4AE59C0067C592 /* Project object */;
}
